
Microsoft Visual Studio Solution File, Format Version 12.00
# Visual Studio Version 16
VisualStudioVersion = 16.0.32106.194
MinimumVisualStudioVersion = 10.0.40219.1
Project("{FAE04EC0-301F-11D3-BF4B-00C04F79EFBC}") = "WebApplication2", "WebApplication2\WebApplication2.csproj", "{CF4BDBAE-6978-4110-B854-5CDFA1C00CFC}"
EndProject
Global
	GlobalSection(SolutionConfigurationPlatforms) = preSolution
		Debug|Any CPU = Debug|Any CPU
		Release|Any CPU = Release|Any CPU
	EndGlobalSection
	GlobalSection(ProjectConfigurationPlatforms) = postSolution
		{CF4BDBAE-6978-4110-B854-5CDFA1C00CFC}.Debug|Any CPU.ActiveCfg = Debug|Any CPU
		{CF4BDBAE-6978-4110-B854-5CDFA1C00CFC}.Debug|Any CPU.Build.0 = Debug|Any CPU
		{CF4BDBAE-6978-4110-B854-5CDFA1C00CFC}.Release|Any CPU.ActiveCfg = Release|Any CPU
		{CF4BDBAE-6978-4110-B854-5CDFA1C00CFC}.Release|Any CPU.Build.0 = Release|Any CPU
	EndGlobalSection
	GlobalSection(SolutionProperties) = preSolution
		HideSolutionNode = FALSE
	EndGlobalSection
	GlobalSection(ExtensibilityGlobals) = postSolution
		SolutionGuid = {AA5EF455-495C-4466-83DD-CED176A7B341}
	EndGlobalSection
EndGlobal
